
Microsoft Visual Studio Solution File, Format Version 12.00
# Visual Studio Version 17
VisualStudioVersion = 17.0.32014.148
MinimumVisualStudioVersion = 10.0.40219.1
Project("{FAE04EC0-301F-11D3-BF4B-00C04F79EFBC}") = "BasicPrograme", "BasicPrograme\BasicPrograme.csproj", "{75205616-73C9-4733-AC7C-489F1D4D4CEF}"
EndProject
Global
	GlobalSection(SolutionConfigurationPlatforms) = preSolution
		Debug|Any CPU = Debug|Any CPU
		Release|Any CPU = Release|Any CPU
	EndGlobalSection
	GlobalSection(ProjectConfigurationPlatforms) = postSolution
		{75205616-73C9-4733-AC7C-489F1D4D4CEF}.Debug|Any CPU.ActiveCfg = Debug|Any CPU
		{75205616-73C9-4733-AC7C-489F1D4D4CEF}.Debug|Any CPU.Build.0 = Debug|Any CPU
		{75205616-73C9-4733-AC7C-489F1D4D4CEF}.Release|Any CPU.ActiveCfg = Release|Any CPU
		{75205616-73C9-4733-AC7C-489F1D4D4CEF}.Release|Any CPU.Build.0 = Release|Any CPU
	EndGlobalSection
	GlobalSection(SolutionProperties) = preSolution
		HideSolutionNode = FALSE
	EndGlobalSection
	GlobalSection(ExtensibilityGlobals) = postSolution
		SolutionGuid = {827B68A6-1C4C-488A-813A-6EA3810527D4}
	EndGlobalSection
EndGlobal
